
Microsoft Visual Studio Solution File, Format Version 12.00
# Visual Studio Version 17
VisualStudioVersion = 17.9.34616.47
MinimumVisualStudioVersion = 10.0.40219.1
Project("{FAE04EC0-301F-11D3-BF4B-00C04F79EFBC}") = "college_management", "college_management.csproj", "{A0189A4D-0D78-4C84-9C1F-68E06AE4968C}"
EndProject
Global
	GlobalSection(SolutionConfigurationPlatforms) = preSolution
		Debug|Any CPU = Debug|Any CPU
		Release|Any CPU = Release|Any CPU
	EndGlobalSection
	GlobalSection(ProjectConfigurationPlatforms) = postSolution
		{A0189A4D-0D78-4C84-9C1F-68E06AE4968C}.Debug|Any CPU.ActiveCfg = Debug|Any CPU
		{A0189A4D-0D78-4C84-9C1F-68E06AE4968C}.Debug|Any CPU.Build.0 = Debug|Any CPU
		{A0189A4D-0D78-4C84-9C1F-68E06AE4968C}.Release|Any CPU.ActiveCfg = Release|Any CPU
		{A0189A4D-0D78-4C84-9C1F-68E06AE4968C}.Release|Any CPU.Build.0 = Release|Any CPU
	EndGlobalSection
	GlobalSection(SolutionProperties) = preSolution
		HideSolutionNode = FALSE
	EndGlobalSection
	GlobalSection(ExtensibilityGlobals) = postSolution
		SolutionGuid = {8FDC18DE-A897-4790-8E0B-DC353366A645}
	EndGlobalSection
EndGlobal
